
Microsoft Visual Studio Solution File, Format Version 12.00
# Visual Studio 2012
Project("{FAE04EC0-301F-11D3-BF4B-00C04F79EFBC}") = "Interop.Excel", "lib\Interop.Excel\Interop.Excel.csproj", "{A754F43D-65ED-45B3-9147-850A14CF8EAC}"
EndProject
Project("{FAE04EC0-301F-11D3-BF4B-00C04F79EFBC}") = "Interop.WinApi", "lib\Interop.WinApi\Interop.WinApi.csproj", "{C0E5FDEF-D735-4B2E-B28D-604156F1816E}"
EndProject
Project("{FAE04EC0-301F-11D3-BF4B-00C04F79EFBC}") = "ZLib", "ZLib\ZLib.csproj", "{0D565BC0-CCE5-4AC3-913E-22A2FDF256AA}"
EndProject
Project("{FAE04EC0-301F-11D3-BF4B-00C04F79EFBC}") = "ZExplorer", "ZExplorer\ZExplorer.csproj", "{11A91925-9995-4CE5-86D6-420D9F37AC93}"
	ProjectSection(ProjectDependencies) = postProject
		{B340B507-8B11-4781-9EFE-AEDE44AB8D73} = {B340B507-8B11-4781-9EFE-AEDE44AB8D73}
	EndProjectSection
EndProject
Project("{FAE04EC0-301F-11D3-BF4B-00C04F79EFBC}") = "TestStuff", "TestStuff\TestStuff.csproj", "{A2152E05-6B11-4E1A-B2C1-2785D6CA81C2}"
	ProjectSection(ProjectDependencies) = postProject
		{B340B507-8B11-4781-9EFE-AEDE44AB8D73} = {B340B507-8B11-4781-9EFE-AEDE44AB8D73}
	EndProjectSection
EndProject
Project("{FAE04EC0-301F-11D3-BF4B-00C04F79EFBC}") = "Newtonsoft.Json.Net35", "lib\Newtonsoft.Json\Newtonsoft.Json.Net35.csproj", "{A9AE40FF-1A21-414A-9FE7-3BE13644CC6D}"
EndProject
Project("{2150E333-8FDC-42A3-9474-1A3956D46DE8}") = "data", "data", "{5607E735-2934-4C69-8C2F-B1F797EF0BF6}"
	ProjectSection(SolutionItems) = preProject
		ZExplorer\data\Functions.json = ZExplorer\data\Functions.json
		ZExplorer\data\Preferences.json = ZExplorer\data\Preferences.json
	EndProjectSection
EndProject
Project("{FAE04EC0-301F-11D3-BF4B-00C04F79EFBC}") = "ZGUI", "ZGUI\ZGUI.csproj", "{B340B507-8B11-4781-9EFE-AEDE44AB8D73}"
	ProjectSection(ProjectDependencies) = postProject
		{A754F43D-65ED-45B3-9147-850A14CF8EAC} = {A754F43D-65ED-45B3-9147-850A14CF8EAC}
		{0D565BC0-CCE5-4AC3-913E-22A2FDF256AA} = {0D565BC0-CCE5-4AC3-913E-22A2FDF256AA}
		{C0E5FDEF-D735-4B2E-B28D-604156F1816E} = {C0E5FDEF-D735-4B2E-B28D-604156F1816E}
		{A9AE40FF-1A21-414A-9FE7-3BE13644CC6D} = {A9AE40FF-1A21-414A-9FE7-3BE13644CC6D}
	EndProjectSection
EndProject
Global
	GlobalSection(SolutionConfigurationPlatforms) = preSolution
		Debug|Any CPU = Debug|Any CPU
		Debug|Mixed Platforms = Debug|Mixed Platforms
		Debug|x86 = Debug|x86
		Release|Any CPU = Release|Any CPU
		Release|Mixed Platforms = Release|Mixed Platforms
		Release|x86 = Release|x86
	EndGlobalSection
	GlobalSection(ProjectConfigurationPlatforms) = postSolution
		{A754F43D-65ED-45B3-9147-850A14CF8EAC}.Debug|Any CPU.ActiveCfg = Debug|Any CPU
		{A754F43D-65ED-45B3-9147-850A14CF8EAC}.Debug|Any CPU.Build.0 = Debug|Any CPU
		{A754F43D-65ED-45B3-9147-850A14CF8EAC}.Debug|Mixed Platforms.ActiveCfg = Debug|Any CPU
		{A754F43D-65ED-45B3-9147-850A14CF8EAC}.Debug|Mixed Platforms.Build.0 = Debug|Any CPU
		{A754F43D-65ED-45B3-9147-850A14CF8EAC}.Debug|x86.ActiveCfg = Debug|Any CPU
		{A754F43D-65ED-45B3-9147-850A14CF8EAC}.Release|Any CPU.ActiveCfg = Release|Any CPU
		{A754F43D-65ED-45B3-9147-850A14CF8EAC}.Release|Any CPU.Build.0 = Release|Any CPU
		{A754F43D-65ED-45B3-9147-850A14CF8EAC}.Release|Mixed Platforms.ActiveCfg = Release|Any CPU
		{A754F43D-65ED-45B3-9147-850A14CF8EAC}.Release|Mixed Platforms.Build.0 = Release|Any CPU
		{A754F43D-65ED-45B3-9147-850A14CF8EAC}.Release|x86.ActiveCfg = Release|Any CPU
		{C0E5FDEF-D735-4B2E-B28D-604156F1816E}.Debug|Any CPU.ActiveCfg = Debug|Any CPU
		{C0E5FDEF-D735-4B2E-B28D-604156F1816E}.Debug|Any CPU.Build.0 = Debug|Any CPU
		{C0E5FDEF-D735-4B2E-B28D-604156F1816E}.Debug|Mixed Platforms.ActiveCfg = Debug|Any CPU
		{C0E5FDEF-D735-4B2E-B28D-604156F1816E}.Debug|Mixed Platforms.Build.0 = Debug|Any CPU
		{C0E5FDEF-D735-4B2E-B28D-604156F1816E}.Debug|x86.ActiveCfg = Debug|Any CPU
		{C0E5FDEF-D735-4B2E-B28D-604156F1816E}.Release|Any CPU.ActiveCfg = Release|Any CPU
		{C0E5FDEF-D735-4B2E-B28D-604156F1816E}.Release|Any CPU.Build.0 = Release|Any CPU
		{C0E5FDEF-D735-4B2E-B28D-604156F1816E}.Release|Mixed Platforms.ActiveCfg = Release|Any CPU
		{C0E5FDEF-D735-4B2E-B28D-604156F1816E}.Release|Mixed Platforms.Build.0 = Release|Any CPU
		{C0E5FDEF-D735-4B2E-B28D-604156F1816E}.Release|x86.ActiveCfg = Release|Any CPU
		{0D565BC0-CCE5-4AC3-913E-22A2FDF256AA}.Debug|Any CPU.ActiveCfg = Debug|Any CPU
		{0D565BC0-CCE5-4AC3-913E-22A2FDF256AA}.Debug|Any CPU.Build.0 = Debug|Any CPU
		{0D565BC0-CCE5-4AC3-913E-22A2FDF256AA}.Debug|Mixed Platforms.ActiveCfg = Debug|Any CPU
		{0D565BC0-CCE5-4AC3-913E-22A2FDF256AA}.Debug|Mixed Platforms.Build.0 = Debug|Any CPU
		{0D565BC0-CCE5-4AC3-913E-22A2FDF256AA}.Debug|x86.ActiveCfg = Debug|Any CPU
		{0D565BC0-CCE5-4AC3-913E-22A2FDF256AA}.Release|Any CPU.ActiveCfg = Release|Any CPU
		{0D565BC0-CCE5-4AC3-913E-22A2FDF256AA}.Release|Any CPU.Build.0 = Release|Any CPU
		{0D565BC0-CCE5-4AC3-913E-22A2FDF256AA}.Release|Mixed Platforms.ActiveCfg = Release|Any CPU
		{0D565BC0-CCE5-4AC3-913E-22A2FDF256AA}.Release|Mixed Platforms.Build.0 = Release|Any CPU
		{0D565BC0-CCE5-4AC3-913E-22A2FDF256AA}.Release|x86.ActiveCfg = Release|Any CPU
		{11A91925-9995-4CE5-86D6-420D9F37AC93}.Debug|Any CPU.ActiveCfg = Debug|x86
		{11A91925-9995-4CE5-86D6-420D9F37AC93}.Debug|Mixed Platforms.ActiveCfg = Debug|x86
		{11A91925-9995-4CE5-86D6-420D9F37AC93}.Debug|Mixed Platforms.Build.0 = Debug|x86
		{11A91925-9995-4CE5-86D6-420D9F37AC93}.Debug|x86.ActiveCfg = Debug|x86
		{11A91925-9995-4CE5-86D6-420D9F37AC93}.Debug|x86.Build.0 = Debug|x86
		{11A91925-9995-4CE5-86D6-420D9F37AC93}.Release|Any CPU.ActiveCfg = Release|x86
		{11A91925-9995-4CE5-86D6-420D9F37AC93}.Release|Mixed Platforms.ActiveCfg = Release|x86
		{11A91925-9995-4CE5-86D6-420D9F37AC93}.Release|Mixed Platforms.Build.0 = Release|x86
		{11A91925-9995-4CE5-86D6-420D9F37AC93}.Release|x86.ActiveCfg = Release|x86
		{11A91925-9995-4CE5-86D6-420D9F37AC93}.Release|x86.Build.0 = Release|x86
		{A2152E05-6B11-4E1A-B2C1-2785D6CA81C2}.Debug|Any CPU.ActiveCfg = Debug|x86
		{A2152E05-6B11-4E1A-B2C1-2785D6CA81C2}.Debug|Mixed Platforms.ActiveCfg = Debug|x86
		{A2152E05-6B11-4E1A-B2C1-2785D6CA81C2}.Debug|Mixed Platforms.Build.0 = Debug|x86
		{A2152E05-6B11-4E1A-B2C1-2785D6CA81C2}.Debug|x86.ActiveCfg = Debug|x86
		{A2152E05-6B11-4E1A-B2C1-2785D6CA81C2}.Debug|x86.Build.0 = Debug|x86
		{A2152E05-6B11-4E1A-B2C1-2785D6CA81C2}.Release|Any CPU.ActiveCfg = Release|x86
		{A2152E05-6B11-4E1A-B2C1-2785D6CA81C2}.Release|Mixed Platforms.ActiveCfg = Release|x86
		{A2152E05-6B11-4E1A-B2C1-2785D6CA81C2}.Release|Mixed Platforms.Build.0 = Release|x86
		{A2152E05-6B11-4E1A-B2C1-2785D6CA81C2}.Release|x86.ActiveCfg = Release|x86
		{A2152E05-6B11-4E1A-B2C1-2785D6CA81C2}.Release|x86.Build.0 = Release|x86
		{A9AE40FF-1A21-414A-9FE7-3BE13644CC6D}.Debug|Any CPU.ActiveCfg = Debug|Any CPU
		{A9AE40FF-1A21-414A-9FE7-3BE13644CC6D}.Debug|Any CPU.Build.0 = Debug|Any CPU
		{A9AE40FF-1A21-414A-9FE7-3BE13644CC6D}.Debug|Mixed Platforms.ActiveCfg = Debug|Any CPU
		{A9AE40FF-1A21-414A-9FE7-3BE13644CC6D}.Debug|Mixed Platforms.Build.0 = Debug|Any CPU
		{A9AE40FF-1A21-414A-9FE7-3BE13644CC6D}.Debug|x86.ActiveCfg = Debug|Any CPU
		{A9AE40FF-1A21-414A-9FE7-3BE13644CC6D}.Release|Any CPU.ActiveCfg = Release|Any CPU
		{A9AE40FF-1A21-414A-9FE7-3BE13644CC6D}.Release|Any CPU.Build.0 = Release|Any CPU
		{A9AE40FF-1A21-414A-9FE7-3BE13644CC6D}.Release|Mixed Platforms.ActiveCfg = Release|Any CPU
		{A9AE40FF-1A21-414A-9FE7-3BE13644CC6D}.Release|Mixed Platforms.Build.0 = Release|Any CPU
		{A9AE40FF-1A21-414A-9FE7-3BE13644CC6D}.Release|x86.ActiveCfg = Release|Any CPU
		{B340B507-8B11-4781-9EFE-AEDE44AB8D73}.Debug|Any CPU.ActiveCfg = Debug|Any CPU
		{B340B507-8B11-4781-9EFE-AEDE44AB8D73}.Debug|Any CPU.Build.0 = Debug|Any CPU
		{B340B507-8B11-4781-9EFE-AEDE44AB8D73}.Debug|Mixed Platforms.ActiveCfg = Debug|Any CPU
		{B340B507-8B11-4781-9EFE-AEDE44AB8D73}.Debug|Mixed Platforms.Build.0 = Debug|Any CPU
		{B340B507-8B11-4781-9EFE-AEDE44AB8D73}.Debug|x86.ActiveCfg = Debug|Any CPU
		{B340B507-8B11-4781-9EFE-AEDE44AB8D73}.Release|Any CPU.ActiveCfg = Release|Any CPU
		{B340B507-8B11-4781-9EFE-AEDE44AB8D73}.Release|Any CPU.Build.0 = Release|Any CPU
		{B340B507-8B11-4781-9EFE-AEDE44AB8D73}.Release|Mixed Platforms.ActiveCfg = Release|Any CPU
		{B340B507-8B11-4781-9EFE-AEDE44AB8D73}.Release|Mixed Platforms.Build.0 = Release|Any CPU
		{B340B507-8B11-4781-9EFE-AEDE44AB8D73}.Release|x86.ActiveCfg = Release|Any CPU
	EndGlobalSection
	GlobalSection(SolutionProperties) = preSolution
		HideSolutionNode = FALSE
	EndGlobalSection
	GlobalSection(SubversionScc) = preSolution
		Svn-Managed = True
		Manager = AnkhSVN - Subversion Support for Visual Studio
	EndGlobalSection
EndGlobal
